{
  "name": "frontend_basic",
  "version": "1.0.0",
  "lockfileVersion": 3,
  "requires": true,
  "packages": {
    "": {
      "name": "frontend_basic",
      "version": "1.0.0",
      "license": "ISC",
      "dependencies": {
        "@trpc/client": "^11.0.0-rc.833"
      }
    },
    "node_modules/@trpc/client": {
      "version": "11.0.0-rc.833",
      "resolved": "https://registry.npmjs.org/@trpc/client/-/client-11.0.0-rc.833.tgz",
      "integrity": "sha512-RxPgX4xgznT2r00IZhvCtQZwisLF/Go01sMqBIHqGPKh5wRcigPVoSlZH/e/+xr71WY19mLsgzDMfzRZQ5a7cg==",
      "funding": [
        "https://trpc.io/sponsor"
      ],
      "license": "MIT",
      "peerDependencies": {
        "@trpc/server": "11.0.0-rc.833+16e52ebcf",
        "typescript": ">=5.7.2"
      }
    },
    "node_modules/@trpc/server": {
      "version": "11.0.0-rc.833",
      "resolved": "https://registry.npmjs.org/@trpc/server/-/server-11.0.0-rc.833.tgz",
      "integrity": "sha512-LQ5NJ3J5kCo+FpbUvS4YltnX5FOagS3ES6I2aCjqQjhloiYwr/vlaXAByc3a7ihJtLXZaIFbuAJ+AWvqZCEYlw==",
      "funding": [
        "https://trpc.io/sponsor"
      ],
      "license": "MIT",
      "peer": true,
      "peerDependencies": {
        "typescript": ">=5.7.2"
      }
    },
    "node_modules/typescript": {
      "version": "5.8.2",
      "resolved": "https://registry.npmjs.org/typescript/-/typescript-5.8.2.tgz",
      "integrity": "sha512-aJn6wq13/afZp/jT9QZmwEjDqqvSGp1VT5GVg+f/t6/oVyrgXM6BY1h9BRh/O5p3PlUPAe+WuiEZOmb/49RqoQ==",
      "license": "Apache-2.0",
      "peer": true,
      "bin": {
        "tsc": "bin/tsc",
        "tsserver": "bin/tsserver"
      },
      "engines": {
        "node": ">=14.17"
      }
    }
  }
}
